{
  "version": "3",
  "packages": {
    "specifiers": {
      "jsr:@std/assert@^0.223.0": "jsr:@std/assert@0.223.0",
      "jsr:@std/bytes@^0.223.0": "jsr:@std/bytes@0.223.0",
      "jsr:@std/cli@^0.223.0": "jsr:@std/cli@0.223.0",
      "jsr:@std/fmt@^0.223.0": "jsr:@std/fmt@0.223.0",
      "jsr:@std/io@^0.223.0": "jsr:@std/io@0.223.0",
      "jsr:@std/path@^0.223.0": "jsr:@std/path@0.223.0",
      "jsr:@std/streams@^0.223.0": "jsr:@std/streams@0.223.0",
      "jsr:@std/url@^0.223.0": "jsr:@std/url@0.223.0"
    },
    "jsr": {
      "@std/assert@0.223.0": {
        "integrity": "eb8d6d879d76e1cc431205bd346ed4d88dc051c6366365b1af47034b0670be24",
        "dependencies": [
          "jsr:@std/fmt@^0.223.0"
        ]
      },
      "@std/bytes@0.223.0": {
        "integrity": "84b75052cd8680942c397c2631318772b295019098f40aac5c36cead4cba51a8"
      },
      "@std/cli@0.223.0": {
        "integrity": "2feb7970f2028904c3edc22ea916ce9538113dfc170844f3eae03578c333c356",
        "dependencies": [
          "jsr:@std/assert@^0.223.0"
        ]
      },
      "@std/fmt@0.223.0": {
        "integrity": "6deb37794127dfc7d7bded2586b9fc6f5d50e62a8134846608baf71ffc1a5208"
      },
      "@std/io@0.223.0": {
        "integrity": "2d8c3c2ab3a515619b90da2c6ff5ea7b75a94383259ef4d02116b228393f84f1"
      },
      "@std/path@0.223.0": {
        "integrity": "593963402d7e6597f5a6e620931661053572c982fc014000459edc1f93cc3989"
      },
      "@std/streams@0.223.0": {
        "integrity": "d6b28e498ced3960b04dc5d251f2dcfc1df244b5ec5a48dc23a8f9b490be3b99",
        "dependencies": [
          "jsr:@std/assert@^0.223.0",
          "jsr:@std/bytes@^0.223.0",
          "jsr:@std/io@^0.223.0"
        ]
      },
      "@std/url@0.223.0": {
        "integrity": "600ecb3f8c161ce5094e843f01d7600e798c2db4e2785b7772aec8619ef7b848",
        "dependencies": [
          "jsr:@std/path@^0.223.0"
        ]
      }
    }
  },
  "remote": {
    "https://deno.land/std@0.211.0/assert/_constants.ts": "a271e8ef5a573f1df8e822a6eb9d09df064ad66a4390f21b3e31f820a38e0975",
    "https://deno.land/std@0.211.0/assert/_diff.ts": "6a2d68f2c42d73a1e31818a4195f40598d672c7f02ac75c7f1b1e6789852c2bc",
    "https://deno.land/std@0.211.0/assert/_format.ts": "0ba808961bf678437fb486b56405b6fefad2cf87b5809667c781ddee8c32aff4",
    "https://deno.land/std@0.211.0/assert/assert.ts": "bec068b2fccdd434c138a555b19a2c2393b71dfaada02b7d568a01541e67cdc5",
    "https://deno.land/std@0.211.0/assert/assert_almost_equals.ts": "648ea72678296a5ad86d3bbb66904335fa97de3133223f44ca4596b225cdcbef",
    "https://deno.land/std@0.211.0/assert/assert_array_includes.ts": "dbb461c20681807a884ad84d873f9e4daead380859531b1e7f27fa4e8f8bf431",
    "https://deno.land/std@0.211.0/assert/assert_equals.ts": "b3b33ae8a85ae22a0754c61a7486d4ae870e8938830a94f5cacecba3a9b0442a",
    "https://deno.land/std@0.211.0/assert/assert_exists.ts": "24a7bf965e634f909242cd09fbaf38bde6b791128ece08e33ab08586a7cc55c9",
    "https://deno.land/std@0.211.0/assert/assert_false.ts": "6f382568e5128c0f855e5f7dbda8624c1ed9af4fcc33ef4a9afeeedcdce99769",
    "https://deno.land/std@0.211.0/assert/assert_greater.ts": "8dfcf082d2bcffcaab3bd0dab48d41e41c26266529567246de47bd6864936f6d",
    "https://deno.land/std@0.211.0/assert/assert_greater_or_equal.ts": "9e02ef89f32563f539f7e66556930033418728847aefcca4e3806a735b5f122e",
    "https://deno.land/std@0.211.0/assert/assert_instance_of.ts": "72dc1faff1e248692d873c89382fa1579dd7b53b56d52f37f9874a75b11ba444",
    "https://deno.land/std@0.211.0/assert/assert_is_error.ts": "6596f2b5ba89ba2fe9b074f75e9318cda97a2381e59d476812e30077fbdb6ed2",
    "https://deno.land/std@0.211.0/assert/assert_less.ts": "91a6fed705f9c39bbd683b62aa9dfc42547bc886c29f696997e681cafb886b16",
    "https://deno.land/std@0.211.0/assert/assert_less_or_equal.ts": "7a3c2e554eb20aa6af9dd4a410e550bcee9e8a28102d51f5f40cb1b8d141e4e1",
    "https://deno.land/std@0.211.0/assert/assert_match.ts": "ec2d9680ed3e7b9746ec57ec923a17eef6d476202f339ad91d22277d7f1d16e1",
    "https://deno.land/std@0.211.0/assert/assert_not_equals.ts": "cb78bf9a4357d69673c87b634491bc6b840412c8b55efe472af9877ef6f0a29b",
    "https://deno.land/std@0.211.0/assert/assert_not_instance_of.ts": "8f720d92d83775c40b2542a8d76c60c2d4aeddaf8713c8d11df8984af2604931",
    "https://deno.land/std@0.211.0/assert/assert_not_match.ts": "b4b7c77f146963e2b673c1ce4846473703409eb93f5ab0eb60f6e6f8aeffe39f",
    "https://deno.land/std@0.211.0/assert/assert_not_strict_equals.ts": "89ba25e1da5233404ac4c01651c088759b7977c51034eefc6050fe3fc2d10c46",
    "https://deno.land/std@0.211.0/assert/assert_object_match.ts": "e85e5eef62a56ce364c3afdd27978ccab979288a3e772e6855c270a7b118fa49",
    "https://deno.land/std@0.211.0/assert/assert_rejects.ts": "e9e0c8d9c3e164c7ac962c37b3be50577c5a2010db107ed272c4c1afb1269f54",
    "https://deno.land/std@0.211.0/assert/assert_strict_equals.ts": "0425a98f70badccb151644c902384c12771a93e65f8ff610244b8147b03a2366",
    "https://deno.land/std@0.211.0/assert/assert_string_includes.ts": "dfb072a890167146f8e5bdd6fde887ce4657098e9f71f12716ef37f35fb6f4a7",
    "https://deno.land/std@0.211.0/assert/assert_throws.ts": "edddd86b39606c342164b49ad88dd39a26e72a26655e07545d172f164b617fa7",
    "https://deno.land/std@0.211.0/assert/assertion_error.ts": "9f689a101ee586c4ce92f52fa7ddd362e86434ffdf1f848e45987dc7689976b8",
    "https://deno.land/std@0.211.0/assert/equal.ts": "fae5e8a52a11d3ac694bbe1a53e13a7969e3f60791262312e91a3e741ae519e2",
    "https://deno.land/std@0.211.0/assert/fail.ts": "f310e51992bac8e54f5fd8e44d098638434b2edb802383690e0d7a9be1979f1c",
    "https://deno.land/std@0.211.0/assert/mod.ts": "325df8c0683ad83a873b9691aa66b812d6275fc9fec0b2d180ac68a2c5efed3b",
    "https://deno.land/std@0.211.0/assert/unimplemented.ts": "47ca67d1c6dc53abd0bd729b71a31e0825fc452dbcd4fde4ca06789d5644e7fd",
    "https://deno.land/std@0.211.0/assert/unreachable.ts": "38cfecb95d8b06906022d2f9474794fca4161a994f83354fd079cac9032b5145",
    "https://deno.land/std@0.211.0/cli/mod.ts": "58f75df8ce43fb8266bdd26ec4465f73176b910316d72eb8e090b6a0549391da",
    "https://deno.land/std@0.211.0/cli/parse_args.ts": "91dfad92c32c4c7f50bc5f476030cc84d0b8ad69f66cde219ddfd49516cbbdcf",
    "https://deno.land/std@0.211.0/cli/prompt_secret.ts": "de44568ce4c3905d5a62123935e396d37d78acbd9988700f4b1ae0c7389aca02",
    "https://deno.land/std@0.211.0/cli/spinner.ts": "4ed94ef9f13db64ad8dc3a9f598d5ff78ced13d5f88645c53b14177ca8bf0ea0",
    "https://deno.land/std@0.211.0/fmt/colors.ts": "be082d6a6bbb2980ae7b2bf8c23c6bb2811ba90a06a9bcb861344a71784c5a99",
    "https://deno.land/std@0.211.0/path/_common/assert_path.ts": "2ca275f36ac1788b2acb60fb2b79cb06027198bc2ba6fb7e163efaedde98c297",
    "https://deno.land/std@0.211.0/path/_common/basename.ts": "569744855bc8445f3a56087fd2aed56bdad39da971a8d92b138c9913aecc5fa2",
    "https://deno.land/std@0.211.0/path/_common/constants.ts": "dc5f8057159f4b48cd304eb3027e42f1148cf4df1fb4240774d3492b5d12ac0c",
    "https://deno.land/std@0.211.0/path/_common/dirname.ts": "684df4aa71a04bbcc346c692c8485594fc8a90b9408dfbc26ff32cf3e0c98cc8",
    "https://deno.land/std@0.211.0/path/_common/normalize.ts": "684df4aa71a04bbcc346c692c8485594fc8a90b9408dfbc26ff32cf3e0c98cc8",
    "https://deno.land/std@0.211.0/path/_common/normalize_string.ts": "dfdf657a1b1a7db7999f7c575ee7e6b0551d9c20f19486c6c3f5ff428384c965",
    "https://deno.land/std@0.211.0/path/_common/strip_trailing_separators.ts": "7024a93447efcdcfeaa9339a98fa63ef9d53de363f1fbe9858970f1bba02655a",
    "https://deno.land/std@0.211.0/path/posix/_util.ts": "1e3937da30f080bfc99fe45d7ed23c47dd8585c5e473b2d771380d3a6937cf9d",
    "https://deno.land/std@0.211.0/path/posix/basename.ts": "39ee27a29f1f35935d3603ccf01d53f3d6e0c5d4d0f84421e65bd1afeff42843",
    "https://deno.land/std@0.211.0/path/posix/dirname.ts": "6535d2bdd566118963537b9dda8867ba9e2a361015540dc91f5afbb65c0cce8b",
    "https://deno.land/std@0.211.0/path/posix/extname.ts": "8d36ae0082063c5e1191639699e6f77d3acf501600a3d87b74943f0ae5327427",
    "https://deno.land/std@0.211.0/path/posix/join.ts": "aef88d5fa3650f7516730865dbb951594d1a955b785e2450dbee93b8e32694f3",
    "https://deno.land/std@0.211.0/path/posix/normalize.ts": "baeb49816a8299f90a0237d214cef46f00ba3e95c0d2ceb74205a6a584b58a91",
    "https://deno.land/std@0.211.0/url/_strip.ts": "928fe9af16d7c5bf24816d1e90d84bfe702f3e059f9d63509b5a37087e947800",
    "https://deno.land/std@0.211.0/url/basename.ts": "a2e6ef35d44da3764551cbc61cdd39004c778aaedc7a6c2559e571f018c42daa",
    "https://deno.land/std@0.211.0/url/dirname.ts": "0915864aac7d2d0413c90dff7841b18b29c83ed102fa340e760af1fb2c0ad26c",
    "https://deno.land/std@0.211.0/url/extname.ts": "b247eac636161c5e263220c6e5116ed10e0c1702b5e90fad258a88c0b3b6bf98",
    "https://deno.land/std@0.211.0/url/join.ts": "00c7e9088cafaa24963ce4081119e58b3afe2c58f033701383f359ea02620dd2",
    "https://deno.land/std@0.211.0/url/mod.ts": "e2621f6a0db6fdbe7fbbd240064095bb203014657e5e1ab81db1c44d80dce6c9",
    "https://deno.land/std@0.211.0/url/normalize.ts": "6328c75df0fab300f74bc4a1c255062a0db882240e15ab646606d0009e7e40d7",
    "https://deno.land/std@0.218.2/assert/_constants.ts": "a271e8ef5a573f1df8e822a6eb9d09df064ad66a4390f21b3e31f820a38e0975",
    "https://deno.land/std@0.218.2/assert/_diff.ts": "dcc63d94ca289aec80644030cf88ccbf7acaa6fbd7b0f22add93616b36593840",
    "https://deno.land/std@0.218.2/assert/_format.ts": "0ba808961bf678437fb486b56405b6fefad2cf87b5809667c781ddee8c32aff4",
    "https://deno.land/std@0.218.2/assert/assert.ts": "bec068b2fccdd434c138a555b19a2c2393b71dfaada02b7d568a01541e67cdc5",
    "https://deno.land/std@0.218.2/assert/assert_almost_equals.ts": "8b96b7385cc117668b0720115eb6ee73d04c9bcb2f5d2344d674918c9113688f",
    "https://deno.land/std@0.218.2/assert/assert_array_includes.ts": "1688d76317fd45b7e93ef9e2765f112fdf2b7c9821016cdfb380b9445374aed1",
    "https://deno.land/std@0.218.2/assert/assert_equals.ts": "4497c56fe7d2993b0d447926702802fc0becb44e319079e8eca39b482ee01b4e",
    "https://deno.land/std@0.218.2/assert/assert_exists.ts": "24a7bf965e634f909242cd09fbaf38bde6b791128ece08e33ab08586a7cc55c9",
    "https://deno.land/std@0.218.2/assert/assert_false.ts": "6f382568e5128c0f855e5f7dbda8624c1ed9af4fcc33ef4a9afeeedcdce99769",
    "https://deno.land/std@0.218.2/assert/assert_greater.ts": "4945cf5729f1a38874d7e589e0fe5cc5cd5abe5573ca2ddca9d3791aa891856c",
    "https://deno.land/std@0.218.2/assert/assert_greater_or_equal.ts": "573ed8823283b8d94b7443eb69a849a3c369a8eb9666b2d1db50c33763a5d219",
    "https://deno.land/std@0.218.2/assert/assert_instance_of.ts": "72dc1faff1e248692d873c89382fa1579dd7b53b56d52f37f9874a75b11ba444",
    "https://deno.land/std@0.218.2/assert/assert_is_error.ts": "6596f2b5ba89ba2fe9b074f75e9318cda97a2381e59d476812e30077fbdb6ed2",
    "https://deno.land/std@0.218.2/assert/assert_less.ts": "2b4b3fe7910f65f7be52212f19c3977ecb8ba5b2d6d0a296c83cde42920bb005",
    "https://deno.land/std@0.218.2/assert/assert_less_or_equal.ts": "b93d212fe669fbde959e35b3437ac9a4468f2e6b77377e7b6ea2cfdd825d38a0",
    "https://deno.land/std@0.218.2/assert/assert_match.ts": "ec2d9680ed3e7b9746ec57ec923a17eef6d476202f339ad91d22277d7f1d16e1",
    "https://deno.land/std@0.218.2/assert/assert_not_equals.ts": "ac86413ab70ffb14fdfc41740ba579a983fe355ba0ce4a9ab685e6b8e7f6a250",
    "https://deno.land/std@0.218.2/assert/assert_not_instance_of.ts": "8f720d92d83775c40b2542a8d76c60c2d4aeddaf8713c8d11df8984af2604931",
    "https://deno.land/std@0.218.2/assert/assert_not_match.ts": "b4b7c77f146963e2b673c1ce4846473703409eb93f5ab0eb60f6e6f8aeffe39f",
    "https://deno.land/std@0.218.2/assert/assert_not_strict_equals.ts": "da0b8ab60a45d5a9371088378e5313f624799470c3b54c76e8b8abeec40a77be",
    "https://deno.land/std@0.218.2/assert/assert_object_match.ts": "e85e5eef62a56ce364c3afdd27978ccab979288a3e772e6855c270a7b118fa49",
    "https://deno.land/std@0.218.2/assert/assert_rejects.ts": "5206ac37d883797d9504e3915a0c7b692df6efcdefff3889cc14bb5a325641dd",
    "https://deno.land/std@0.218.2/assert/assert_strict_equals.ts": "0425a98f70badccb151644c902384c12771a93e65f8ff610244b8147b03a2366",
    "https://deno.land/std@0.218.2/assert/assert_string_includes.ts": "dfb072a890167146f8e5bdd6fde887ce4657098e9f71f12716ef37f35fb6f4a7",
    "https://deno.land/std@0.218.2/assert/assert_throws.ts": "31f3c061338aec2c2c33731973d58ccd4f14e42f355501541409ee958d2eb8e5",
    "https://deno.land/std@0.218.2/assert/assertion_error.ts": "9f689a101ee586c4ce92f52fa7ddd362e86434ffdf1f848e45987dc7689976b8",
    "https://deno.land/std@0.218.2/assert/equal.ts": "fae5e8a52a11d3ac694bbe1a53e13a7969e3f60791262312e91a3e741ae519e2",
    "https://deno.land/std@0.218.2/assert/fail.ts": "f310e51992bac8e54f5fd8e44d098638434b2edb802383690e0d7a9be1979f1c",
    "https://deno.land/std@0.218.2/assert/mod.ts": "325df8c0683ad83a873b9691aa66b812d6275fc9fec0b2d180ac68a2c5efed3b",
    "https://deno.land/std@0.218.2/assert/unimplemented.ts": "47ca67d1c6dc53abd0bd729b71a31e0825fc452dbcd4fde4ca06789d5644e7fd",
    "https://deno.land/std@0.218.2/assert/unreachable.ts": "3670816a4ab3214349acb6730e3e6f5299021234657eefe05b48092f3848c270",
    "https://deno.land/std@0.218.2/bytes/concat.ts": "9cac3b4376afbef98ff03588eb3cf948e0d1eb6c27cfe81a7651ab6dd3adc54a",
    "https://deno.land/std@0.218.2/bytes/copy.ts": "f29c03168853720dfe82eaa57793d0b9e3543ebfe5306684182f0f1e3bfd422a",
    "https://deno.land/std@0.218.2/cli/mod.ts": "58f75df8ce43fb8266bdd26ec4465f73176b910316d72eb8e090b6a0549391da",
    "https://deno.land/std@0.218.2/cli/parse_args.ts": "df284f03f8ef4c581c17ca12db41cc17bcf0fa2ab6a8e09dbb72fa05916d4427",
    "https://deno.land/std@0.218.2/cli/prompt_secret.ts": "831cfb4efa83bfaf9bfd320ddbfd619e03cd87e81260909f93ca199ebe214ec2",
    "https://deno.land/std@0.218.2/cli/spinner.ts": "005395c4e00b1086bfa2ae44e8c9413c1231c4741a08a55aa0d3c9ea267cecb5",
    "https://deno.land/std@0.218.2/fmt/colors.ts": "d239d84620b921ea520125d778947881f62c50e78deef2657073840b8af9559a",
    "https://deno.land/std@0.218.2/io/_common.ts": "36705cdb4dfcd338d6131bca1b16e48a4d5bf0d1dada6ce397268e88c17a5835",
    "https://deno.land/std@0.218.2/io/_constants.ts": "3c7ad4695832e6e4a32e35f218c70376b62bc78621ef069a4a0a3d55739f8856",
    "https://deno.land/std@0.218.2/io/buffer.ts": "4d1f805f350433e418002accec798bc6c33ce18f614afa65f987c202d7b2234e",
    "https://deno.land/std@0.218.2/io/iterate_reader.ts": "1e5e4fea22d8965afb7df4ee9ab9adda0a0fc581adbea31bc2f2d25453f8a6e9",
    "https://deno.land/std@0.218.2/io/reader_from_stream_reader.ts": "a75bbc93f39df8b0e372cc1fbdc416a7cbf2a39fc4c09ddb057f1241100191c5",
    "https://deno.land/std@0.218.2/io/to_readable_stream.ts": "ed03a44a1ec1cc55a85a857acf6cac472035298f6f3b6207ea209f93b4aefb39",
    "https://deno.land/std@0.218.2/io/to_writable_stream.ts": "ef422e0425963c8a1e0481674e66c3023da50f0acbe5ef51ec9789efc3c1e2ed",
    "https://deno.land/std@0.218.2/io/types.ts": "acecb3074c730b5ff487ba4fe9ce51e67bd982aa07c95e5f5679b7b2f24ad129",
    "https://deno.land/std@0.218.2/io/write_all.ts": "24aac2312bb21096ae3ae0b102b22c26164d3249dff96dbac130958aa736f038",
    "https://deno.land/std@0.218.2/path/_common/assert_path.ts": "dbdd757a465b690b2cc72fc5fb7698c51507dec6bfafce4ca500c46b76ff7bd8",
    "https://deno.land/std@0.218.2/path/_common/basename.ts": "569744855bc8445f3a56087fd2aed56bdad39da971a8d92b138c9913aecc5fa2",
    "https://deno.land/std@0.218.2/path/_common/constants.ts": "dc5f8057159f4b48cd304eb3027e42f1148cf4df1fb4240774d3492b5d12ac0c",
    "https://deno.land/std@0.218.2/path/_common/dirname.ts": "684df4aa71a04bbcc346c692c8485594fc8a90b9408dfbc26ff32cf3e0c98cc8",
    "https://deno.land/std@0.218.2/path/_common/normalize.ts": "684df4aa71a04bbcc346c692c8485594fc8a90b9408dfbc26ff32cf3e0c98cc8",
    "https://deno.land/std@0.218.2/path/_common/normalize_string.ts": "dfdf657a1b1a7db7999f7c575ee7e6b0551d9c20f19486c6c3f5ff428384c965",
    "https://deno.land/std@0.218.2/path/_common/strip_trailing_separators.ts": "7024a93447efcdcfeaa9339a98fa63ef9d53de363f1fbe9858970f1bba02655a",
    "https://deno.land/std@0.218.2/path/posix/_util.ts": "1e3937da30f080bfc99fe45d7ed23c47dd8585c5e473b2d771380d3a6937cf9d",
    "https://deno.land/std@0.218.2/path/posix/basename.ts": "39ee27a29f1f35935d3603ccf01d53f3d6e0c5d4d0f84421e65bd1afeff42843",
    "https://deno.land/std@0.218.2/path/posix/dirname.ts": "6535d2bdd566118963537b9dda8867ba9e2a361015540dc91f5afbb65c0cce8b",
    "https://deno.land/std@0.218.2/path/posix/extname.ts": "8d36ae0082063c5e1191639699e6f77d3acf501600a3d87b74943f0ae5327427",
    "https://deno.land/std@0.218.2/path/posix/join.ts": "744fadcbee7047688696455c7cbb368a9625ffde67fc3058a61c98948fcd04de",
    "https://deno.land/std@0.218.2/path/posix/normalize.ts": "baeb49816a8299f90a0237d214cef46f00ba3e95c0d2ceb74205a6a584b58a91",
    "https://deno.land/std@0.218.2/streams/_common.ts": "948735ef6d140cd6916dca861197b88fc57db52c2f923c392b7a14033d8fed4b",
    "https://deno.land/std@0.218.2/streams/buffer.ts": "e012de72a53ad17c56512488e9afb6f4b6ed046b32fc1415ae7a4e6fc0efce38",
    "https://deno.land/std@0.218.2/streams/byte_slice_stream.ts": "5bbdcadb118390affa9b3d0a0f73ef8e83754f59bb89df349add669dd9369713",
    "https://deno.land/std@0.218.2/streams/delimiter_stream.ts": "4e4050740ff27a8824defa6c96126229ef9d794c4ace4ef9cabb10b5ad4a5d14",
    "https://deno.land/std@0.218.2/streams/early_zip_readable_streams.ts": "21f5cf6dd36381c6a50c31a7727b5bd219f6382bbb7a413418595c3e466c4d14",
    "https://deno.land/std@0.218.2/streams/iterate_reader.ts": "a50bed95514736c3c554e4c69ea2d8d2699252e4e74507769999d22c3886c777",
    "https://deno.land/std@0.218.2/streams/limited_bytes_transform_stream.ts": "b22a45a337374e863c4eb1867ec6b8ad3e68620a6c52fe837746060ea610e6f1",
    "https://deno.land/std@0.218.2/streams/limited_transform_stream.ts": "4c47da5ca38a30fa9f33b0f1a61d4548e7f52a9a58c294b0f430f680e44cc543",
    "https://deno.land/std@0.218.2/streams/merge_readable_streams.ts": "73eed8ff54c9111b8b974b11a5a11c1ed0b7800e0157c39277ccac3ed14721e2",
    "https://deno.land/std@0.218.2/streams/mod.ts": "d56624832b9649b680c74ab9c77e746e8be81ae1a24756cc04623e25a0d43ce9",
    "https://deno.land/std@0.218.2/streams/readable_stream_from_reader.ts": "4289a63836f73901441c1879f2be76eea2a983920f4b10a4a9b8a6d8c29ece56",
    "https://deno.land/std@0.218.2/streams/reader_from_iterable.ts": "82f1ecef32ec70c7841ca2a54b09c73167d940f0578bec91e874bb8cd42ba8f3",
    "https://deno.land/std@0.218.2/streams/reader_from_stream_reader.ts": "dda702bd365a133be8bdbc5a1ba96c67b350c3504410632f3a833895bfc7bae3",
    "https://deno.land/std@0.218.2/streams/text_delimiter_stream.ts": "94dfc900204e306496c1b58c80473db57b6097afdcb8ea9eaff453a193a659f1",
    "https://deno.land/std@0.218.2/streams/text_line_stream.ts": "21f33d3922e019ec1a1676474beb543929cb564ec99b69cd2654e029e0f45bd5",
    "https://deno.land/std@0.218.2/streams/to_array_buffer.ts": "1a9c07c4a396ce557ab205c44415815ab13b614fed94a12f62b80f8e650c726d",
    "https://deno.land/std@0.218.2/streams/to_blob.ts": "bf5daaae50fa8f57e0c8bfd7474ebac16ac09e130e3d01ef2947ae5153912b4a",
    "https://deno.land/std@0.218.2/streams/to_json.ts": "b6a908d0da7cd30956e5fbbfa7460747e50b8f307d1041282ed6fe9070d579ee",
    "https://deno.land/std@0.218.2/streams/to_text.ts": "6f93593bdfc2cea5cca39755ea5caf0d4092580c0a713dfe04a1e85c60df331f",
    "https://deno.land/std@0.218.2/streams/to_transform_stream.ts": "4c4836455ef89bab9ece55975ee3a819f07d3d8b0e43101ec7f4ed033c8a2b61",
    "https://deno.land/std@0.218.2/streams/writable_stream_from_writer.ts": "62f2712d3a7bebd981fca8bd5140192c37450f9c4aa94283f7ca833e46bc7485",
    "https://deno.land/std@0.218.2/streams/writer_from_stream_writer.ts": "b0e39ef607dfdc5abdfb627edf61a9672809463e2bb022afcbaf0cd006c40feb",
    "https://deno.land/std@0.218.2/streams/zip_readable_streams.ts": "53eb10d7557539b489bd858907aab6dd28247f074b3446573801de3150cb932e",
    "https://deno.land/std@0.218.2/url/_strip.ts": "928fe9af16d7c5bf24816d1e90d84bfe702f3e059f9d63509b5a37087e947800",
    "https://deno.land/std@0.218.2/url/basename.ts": "a2e6ef35d44da3764551cbc61cdd39004c778aaedc7a6c2559e571f018c42daa",
    "https://deno.land/std@0.218.2/url/dirname.ts": "0915864aac7d2d0413c90dff7841b18b29c83ed102fa340e760af1fb2c0ad26c",
    "https://deno.land/std@0.218.2/url/extname.ts": "b247eac636161c5e263220c6e5116ed10e0c1702b5e90fad258a88c0b3b6bf98",
    "https://deno.land/std@0.218.2/url/join.ts": "00c7e9088cafaa24963ce4081119e58b3afe2c58f033701383f359ea02620dd2",
    "https://deno.land/std@0.218.2/url/mod.ts": "e2621f6a0db6fdbe7fbbd240064095bb203014657e5e1ab81db1c44d80dce6c9",
    "https://deno.land/std@0.218.2/url/normalize.ts": "6328c75df0fab300f74bc4a1c255062a0db882240e15ab646606d0009e7e40d7"
  },
  "workspace": {
    "dependencies": [
      "jsr:@std/assert@^0.223.0",
      "jsr:@std/cli@^0.223.0",
      "jsr:@std/streams@^0.223.0",
      "jsr:@std/url@^0.223.0"
    ]
  }
}
